<?xml version="1.0" encoding="UTF-8"?>
<CodeBlocks_project_file>
	<FileVersion major="1" minor="6"/>
	<Project>
		<Option title="pg_query"/>
		<Option makefile_is_custom="1"/>
		<Option compiler="gcc"/>
		<Option virtualFolders="CMake Files\;CMake Files\cmake\;CMake Files\cmake\External\;CMake Files\cmake\Modules\;CMake Files\cmake\Templates\;CMake Files\external\;CMake Files\external\capnp-prefix\;CMake Files\external\capnp-prefix\tmp\;CMake Files\..\;CMake Files\..\..\;CMake Files\..\..\..\;CMake Files\..\..\..\..\;CMake Files\..\..\..\..\usr\;CMake Files\..\..\..\..\usr\lib\;CMake Files\..\..\..\..\usr\lib\llvm-3.9\;CMake Files\..\..\..\..\usr\lib\llvm-3.9\cmake\;CMake Files\..\..\..\..\usr\lib\llvm-3.9\lib\;CMake Files\..\..\..\..\usr\lib\llvm-3.9\lib\cmake\;CMake Files\..\..\..\..\usr\lib\llvm-3.9\lib\cmake\llvm\;CMake Files\src\;CMake Files\third_party\;CMake Files\third_party\libpg_query\;CMake Files\test\;"/>
		<Build>
			<Target title="all">
				<Option working_dir="/home/zhangqian/peloton_m_v1/peloton/src/libpg_query.a"/>
				<Option type="4"/>
				<MakeCommands>
					<Build command="/usr/bin/make -j4 -f &quot;/home/zhangqian/peloton_m_v1/peloton/src/libpg_query.a/Makefile&quot;  VERBOSE=1 all"/>
					<CompileFile command="/usr/bin/make -j4 -f &quot;/home/zhangqian/peloton_m_v1/peloton/src/libpg_query.a/Makefile&quot;  VERBOSE=1 &quot;$file&quot;"/>
					<Clean command="/usr/bin/make -j4 -f &quot;/home/zhangqian/peloton_m_v1/peloton/src/libpg_query.a/Makefile&quot;  VERBOSE=1 clean"/>
					<DistClean command="/usr/bin/make -j4 -f &quot;/home/zhangqian/peloton_m_v1/peloton/src/libpg_query.a/Makefile&quot;  VERBOSE=1 clean"/>
				</MakeCommands>
			</Target>
			<Target title="pg_query">
				<Option output="/home/zhangqian/peloton_m_v1/peloton/lib/libpg_query.a" prefix_auto="0" extension_auto="0"/>
				<Option working_dir="/home/zhangqian/peloton_m_v1/peloton/src/libpg_query.a"/>
				<Option object_output="./"/>
				<Option type="2"/>
				<Option compiler="gcc"/>
				<Compiler>
					<Add option="-DPELOTON_VERSION=0.0.5"/>
					<Add directory="/home/zhangqian/peloton_m_v1/peloton/src"/>
					<Add directory="/home/zhangqian/peloton_m_v1/peloton/include"/>
					<Add directory="/home/zhangqian/peloton_m_v1/peloton/src/include"/>
					<Add directory="/home/zhangqian/peloton_m_v1/peloton/test/include"/>
					<Add directory="/home/zhangqian/peloton_m_v1/peloton/third_party"/>
					<Add directory="/home/zhangqian/peloton_m_v1/peloton"/>
					<Add directory="/home/zhangqian/peloton_m_v1/peloton/third_party/libpg_query/."/>
					<Add directory="/home/zhangqian/peloton_m_v1/peloton/third_party/libpg_query/src/postgres/include"/>
					<Add directory="/home/zhangqian/peloton_m_v1/peloton/external/capnp-install/include"/>
					<Add directory="/usr/include/eigen3"/>
					<Add directory="/usr/include/postgresql"/>
					<Add directory="/usr/lib/llvm-3.9/include"/>
					<Add directory="/usr/include/c++/7"/>
					<Add directory="/usr/include/x86_64-linux-gnu/c++/7"/>
					<Add directory="/usr/include/c++/7/backward"/>
					<Add directory="/usr/lib/gcc/x86_64-linux-gnu/7/include"/>
					<Add directory="/usr/local/include"/>
					<Add directory="/usr/lib/gcc/x86_64-linux-gnu/7/include-fixed"/>
					<Add directory="/usr/include/x86_64-linux-gnu"/>
					<Add directory="/usr/include"/>
				</Compiler>
				<MakeCommands>
					<Build command="/usr/bin/make -j4 -f &quot;/home/zhangqian/peloton_m_v1/peloton/src/libpg_query.a/Makefile&quot;  VERBOSE=1 pg_query"/>
					<CompileFile command="/usr/bin/make -j4 -f &quot;/home/zhangqian/peloton_m_v1/peloton/src/libpg_query.a/Makefile&quot;  VERBOSE=1 &quot;$file&quot;"/>
					<Clean command="/usr/bin/make -j4 -f &quot;/home/zhangqian/peloton_m_v1/peloton/src/libpg_query.a/Makefile&quot;  VERBOSE=1 clean"/>
					<DistClean command="/usr/bin/make -j4 -f &quot;/home/zhangqian/peloton_m_v1/peloton/src/libpg_query.a/Makefile&quot;  VERBOSE=1 clean"/>
				</MakeCommands>
			</Target>
			<Target title="pg_query/fast">
				<Option output="/home/zhangqian/peloton_m_v1/peloton/lib/libpg_query.a" prefix_auto="0" extension_auto="0"/>
				<Option working_dir="/home/zhangqian/peloton_m_v1/peloton/src/libpg_query.a"/>
				<Option object_output="./"/>
				<Option type="2"/>
				<Option compiler="gcc"/>
				<Compiler>
					<Add option="-DPELOTON_VERSION=0.0.5"/>
					<Add directory="/home/zhangqian/peloton_m_v1/peloton/src"/>
					<Add directory="/home/zhangqian/peloton_m_v1/peloton/include"/>
					<Add directory="/home/zhangqian/peloton_m_v1/peloton/src/include"/>
					<Add directory="/home/zhangqian/peloton_m_v1/peloton/test/include"/>
					<Add directory="/home/zhangqian/peloton_m_v1/peloton/third_party"/>
					<Add directory="/home/zhangqian/peloton_m_v1/peloton"/>
					<Add directory="/home/zhangqian/peloton_m_v1/peloton/third_party/libpg_query/."/>
					<Add directory="/home/zhangqian/peloton_m_v1/peloton/third_party/libpg_query/src/postgres/include"/>
					<Add directory="/home/zhangqian/peloton_m_v1/peloton/external/capnp-install/include"/>
					<Add directory="/usr/include/eigen3"/>
					<Add directory="/usr/include/postgresql"/>
					<Add directory="/usr/lib/llvm-3.9/include"/>
					<Add directory="/usr/include/c++/7"/>
					<Add directory="/usr/include/x86_64-linux-gnu/c++/7"/>
					<Add directory="/usr/include/c++/7/backward"/>
					<Add directory="/usr/lib/gcc/x86_64-linux-gnu/7/include"/>
					<Add directory="/usr/local/include"/>
					<Add directory="/usr/lib/gcc/x86_64-linux-gnu/7/include-fixed"/>
					<Add directory="/usr/include/x86_64-linux-gnu"/>
					<Add directory="/usr/include"/>
				</Compiler>
				<MakeCommands>
					<Build command="/usr/bin/make -j4 -f &quot;/home/zhangqian/peloton_m_v1/peloton/src/libpg_query.a/Makefile&quot;  VERBOSE=1 pg_query/fast"/>
					<CompileFile command="/usr/bin/make -j4 -f &quot;/home/zhangqian/peloton_m_v1/peloton/src/libpg_query.a/Makefile&quot;  VERBOSE=1 &quot;$file&quot;"/>
					<Clean command="/usr/bin/make -j4 -f &quot;/home/zhangqian/peloton_m_v1/peloton/src/libpg_query.a/Makefile&quot;  VERBOSE=1 clean"/>
					<DistClean command="/usr/bin/make -j4 -f &quot;/home/zhangqian/peloton_m_v1/peloton/src/libpg_query.a/Makefile&quot;  VERBOSE=1 clean"/>
				</MakeCommands>
			</Target>
		</Build>
		<Unit filename="/home/zhangqian/peloton_m_v1/peloton/third_party/libpg_query/src/pg_query.c">
			<Option target="pg_query"/>
		</Unit>
		<Unit filename="/home/zhangqian/peloton_m_v1/peloton/third_party/libpg_query/src/pg_query_fingerprint.c">
			<Option target="pg_query"/>
		</Unit>
		<Unit filename="/home/zhangqian/peloton_m_v1/peloton/third_party/libpg_query/src/pg_query_fingerprint.h">
			<Option target="pg_query"/>
		</Unit>
		<Unit filename="/home/zhangqian/peloton_m_v1/peloton/third_party/libpg_query/src/pg_query_json.c">
			<Option target="pg_query"/>
		</Unit>
		<Unit filename="/home/zhangqian/peloton_m_v1/peloton/third_party/libpg_query/src/pg_query_json.h">
			<Option target="pg_query"/>
		</Unit>
		<Unit filename="/home/zhangqian/peloton_m_v1/peloton/third_party/libpg_query/src/pg_query_json_plpgsql.c">
			<Option target="pg_query"/>
		</Unit>
		<Unit filename="/home/zhangqian/peloton_m_v1/peloton/third_party/libpg_query/src/pg_query_json_plpgsql.h">
			<Option target="pg_query"/>
		</Unit>
		<Unit filename="/home/zhangqian/peloton_m_v1/peloton/third_party/libpg_query/src/pg_query_normalize.c">
			<Option target="pg_query"/>
		</Unit>
		<Unit filename="/home/zhangqian/peloton_m_v1/peloton/third_party/libpg_query/src/pg_query_parse.c">
			<Option target="pg_query"/>
		</Unit>
		<Unit filename="/home/zhangqian/peloton_m_v1/peloton/third_party/libpg_query/src/pg_query_parse_plpgsql.c">
			<Option target="pg_query"/>
		</Unit>
		<Unit filename="/home/zhangqian/peloton_m_v1/peloton/third_party/libpg_query/src/postgres/contrib_pgcrypto_sha1.c">
			<Option target="pg_query"/>
		</Unit>
		<Unit filename="/home/zhangqian/peloton_m_v1/peloton/third_party/libpg_query/src/postgres/src_backend_catalog_namespace.c">
			<Option target="pg_query"/>
		</Unit>
		<Unit filename="/home/zhangqian/peloton_m_v1/peloton/third_party/libpg_query/src/postgres/src_backend_catalog_pg_proc.c">
			<Option target="pg_query"/>
		</Unit>
		<Unit filename="/home/zhangqian/peloton_m_v1/peloton/third_party/libpg_query/src/postgres/src_backend_commands_define.c">
			<Option target="pg_query"/>
		</Unit>
		<Unit filename="/home/zhangqian/peloton_m_v1/peloton/third_party/libpg_query/src/postgres/src_backend_lib_stringinfo.c">
			<Option target="pg_query"/>
		</Unit>
		<Unit filename="/home/zhangqian/peloton_m_v1/peloton/third_party/libpg_query/src/postgres/src_backend_libpq_pqcomm.c">
			<Option target="pg_query"/>
		</Unit>
		<Unit filename="/home/zhangqian/peloton_m_v1/peloton/third_party/libpg_query/src/postgres/src_backend_nodes_bitmapset.c">
			<Option target="pg_query"/>
		</Unit>
		<Unit filename="/home/zhangqian/peloton_m_v1/peloton/third_party/libpg_query/src/postgres/src_backend_nodes_copyfuncs.c">
			<Option target="pg_query"/>
		</Unit>
		<Unit filename="/home/zhangqian/peloton_m_v1/peloton/third_party/libpg_query/src/postgres/src_backend_nodes_equalfuncs.c">
			<Option target="pg_query"/>
		</Unit>
		<Unit filename="/home/zhangqian/peloton_m_v1/peloton/third_party/libpg_query/src/postgres/src_backend_nodes_list.c">
			<Option target="pg_query"/>
		</Unit>
		<Unit filename="/home/zhangqian/peloton_m_v1/peloton/third_party/libpg_query/src/postgres/src_backend_nodes_makefuncs.c">
			<Option target="pg_query"/>
		</Unit>
		<Unit filename="/home/zhangqian/peloton_m_v1/peloton/third_party/libpg_query/src/postgres/src_backend_nodes_nodeFuncs.c">
			<Option target="pg_query"/>
		</Unit>
		<Unit filename="/home/zhangqian/peloton_m_v1/peloton/third_party/libpg_query/src/postgres/src_backend_nodes_value.c">
			<Option target="pg_query"/>
		</Unit>
		<Unit filename="/home/zhangqian/peloton_m_v1/peloton/third_party/libpg_query/src/postgres/src_backend_parser_gram.c">
			<Option target="pg_query"/>
		</Unit>
		<Unit filename="/home/zhangqian/peloton_m_v1/peloton/third_party/libpg_query/src/postgres/src_backend_parser_keywords.c">
			<Option target="pg_query"/>
		</Unit>
		<Unit filename="/home/zhangqian/peloton_m_v1/peloton/third_party/libpg_query/src/postgres/src_backend_parser_kwlookup.c">
			<Option target="pg_query"/>
		</Unit>
		<Unit filename="/home/zhangqian/peloton_m_v1/peloton/third_party/libpg_query/src/postgres/src_backend_parser_parse_expr.c">
			<Option target="pg_query"/>
		</Unit>
		<Unit filename="/home/zhangqian/peloton_m_v1/peloton/third_party/libpg_query/src/postgres/src_backend_parser_parser.c">
			<Option target="pg_query"/>
		</Unit>
		<Unit filename="/home/zhangqian/peloton_m_v1/peloton/third_party/libpg_query/src/postgres/src_backend_parser_scansup.c">
			<Option target="pg_query"/>
		</Unit>
		<Unit filename="/home/zhangqian/peloton_m_v1/peloton/third_party/libpg_query/src/postgres/src_backend_postmaster_postmaster.c">
			<Option target="pg_query"/>
		</Unit>
		<Unit filename="/home/zhangqian/peloton_m_v1/peloton/third_party/libpg_query/src/postgres/src_backend_storage_ipc_ipc.c">
			<Option target="pg_query"/>
		</Unit>
		<Unit filename="/home/zhangqian/peloton_m_v1/peloton/third_party/libpg_query/src/postgres/src_backend_tcop_postgres.c">
			<Option target="pg_query"/>
		</Unit>
		<Unit filename="/home/zhangqian/peloton_m_v1/peloton/third_party/libpg_query/src/postgres/src_backend_utils_adt_datum.c">
			<Option target="pg_query"/>
		</Unit>
		<Unit filename="/home/zhangqian/peloton_m_v1/peloton/third_party/libpg_query/src/postgres/src_backend_utils_adt_expandeddatum.c">
			<Option target="pg_query"/>
		</Unit>
		<Unit filename="/home/zhangqian/peloton_m_v1/peloton/third_party/libpg_query/src/postgres/src_backend_utils_adt_format_type.c">
			<Option target="pg_query"/>
		</Unit>
		<Unit filename="/home/zhangqian/peloton_m_v1/peloton/third_party/libpg_query/src/postgres/src_backend_utils_adt_ruleutils.c">
			<Option target="pg_query"/>
		</Unit>
		<Unit filename="/home/zhangqian/peloton_m_v1/peloton/third_party/libpg_query/src/postgres/src_backend_utils_error_assert.c">
			<Option target="pg_query"/>
		</Unit>
		<Unit filename="/home/zhangqian/peloton_m_v1/peloton/third_party/libpg_query/src/postgres/src_backend_utils_error_elog.c">
			<Option target="pg_query"/>
		</Unit>
		<Unit filename="/home/zhangqian/peloton_m_v1/peloton/third_party/libpg_query/src/postgres/src_backend_utils_init_globals.c">
			<Option target="pg_query"/>
		</Unit>
		<Unit filename="/home/zhangqian/peloton_m_v1/peloton/third_party/libpg_query/src/postgres/src_backend_utils_mb_encnames.c">
			<Option target="pg_query"/>
		</Unit>
		<Unit filename="/home/zhangqian/peloton_m_v1/peloton/third_party/libpg_query/src/postgres/src_backend_utils_mb_mbutils.c">
			<Option target="pg_query"/>
		</Unit>
		<Unit filename="/home/zhangqian/peloton_m_v1/peloton/third_party/libpg_query/src/postgres/src_backend_utils_mb_wchar.c">
			<Option target="pg_query"/>
		</Unit>
		<Unit filename="/home/zhangqian/peloton_m_v1/peloton/third_party/libpg_query/src/postgres/src_backend_utils_misc_guc.c">
			<Option target="pg_query"/>
		</Unit>
		<Unit filename="/home/zhangqian/peloton_m_v1/peloton/third_party/libpg_query/src/postgres/src_backend_utils_mmgr_aset.c">
			<Option target="pg_query"/>
		</Unit>
		<Unit filename="/home/zhangqian/peloton_m_v1/peloton/third_party/libpg_query/src/postgres/src_backend_utils_mmgr_mcxt.c">
			<Option target="pg_query"/>
		</Unit>
		<Unit filename="/home/zhangqian/peloton_m_v1/peloton/third_party/libpg_query/src/postgres/src_common_psprintf.c">
			<Option target="pg_query"/>
		</Unit>
		<Unit filename="/home/zhangqian/peloton_m_v1/peloton/third_party/libpg_query/src/postgres/src_pl_plpgsql_src_pl_comp.c">
			<Option target="pg_query"/>
		</Unit>
		<Unit filename="/home/zhangqian/peloton_m_v1/peloton/third_party/libpg_query/src/postgres/src_pl_plpgsql_src_pl_funcs.c">
			<Option target="pg_query"/>
		</Unit>
		<Unit filename="/home/zhangqian/peloton_m_v1/peloton/third_party/libpg_query/src/postgres/src_pl_plpgsql_src_pl_gram.c">
			<Option target="pg_query"/>
		</Unit>
		<Unit filename="/home/zhangqian/peloton_m_v1/peloton/third_party/libpg_query/src/postgres/src_pl_plpgsql_src_pl_handler.c">
			<Option target="pg_query"/>
		</Unit>
		<Unit filename="/home/zhangqian/peloton_m_v1/peloton/third_party/libpg_query/src/postgres/src_pl_plpgsql_src_pl_scanner.c">
			<Option target="pg_query"/>
		</Unit>
		<Unit filename="/home/zhangqian/peloton_m_v1/peloton/third_party/libpg_query/src/postgres/src_port_qsort.c">
			<Option target="pg_query"/>
		</Unit>
		<Unit filename="/home/zhangqian/peloton_m_v1/peloton/CMakeLists.txt">
			<Option virtualFolder="CMake Files\"/>
		</Unit>
		<Unit filename="/home/zhangqian/peloton_m_v1/peloton/cmake/CapnProtoMacros.cmake">
			<Option virtualFolder="CMake Files\cmake\"/>
		</Unit>
		<Unit filename="/home/zhangqian/peloton_m_v1/peloton/cmake/CompilerInfo.cmake">
			<Option virtualFolder="CMake Files\cmake\"/>
		</Unit>
		<Unit filename="/home/zhangqian/peloton_m_v1/peloton/cmake/ConfigGen.cmake">
			<Option virtualFolder="CMake Files\cmake\"/>
		</Unit>
		<Unit filename="/home/zhangqian/peloton_m_v1/peloton/cmake/Dependencies.cmake">
			<Option virtualFolder="CMake Files\cmake\"/>
		</Unit>
		<Unit filename="/home/zhangqian/peloton_m_v1/peloton/cmake/Misc.cmake">
			<Option virtualFolder="CMake Files\cmake\"/>
		</Unit>
		<Unit filename="/home/zhangqian/peloton_m_v1/peloton/cmake/ProtoBuf.cmake">
			<Option virtualFolder="CMake Files\cmake\"/>
		</Unit>
		<Unit filename="/home/zhangqian/peloton_m_v1/peloton/cmake/Summary.cmake">
			<Option virtualFolder="CMake Files\cmake\"/>
		</Unit>
		<Unit filename="/home/zhangqian/peloton_m_v1/peloton/cmake/Targets.cmake">
			<Option virtualFolder="CMake Files\cmake\"/>
		</Unit>
		<Unit filename="/home/zhangqian/peloton_m_v1/peloton/cmake/Utils.cmake">
			<Option virtualFolder="CMake Files\cmake\"/>
		</Unit>
		<Unit filename="/home/zhangqian/peloton_m_v1/peloton/cmake/External/capnproto.cmake">
			<Option virtualFolder="CMake Files\cmake\External\"/>
		</Unit>
		<Unit filename="/home/zhangqian/peloton_m_v1/peloton/cmake/External/gflags.cmake">
			<Option virtualFolder="CMake Files\cmake\External\"/>
		</Unit>
		<Unit filename="/home/zhangqian/peloton_m_v1/peloton/cmake/Modules/FindEigen3.cmake">
			<Option virtualFolder="CMake Files\cmake\Modules\"/>
		</Unit>
		<Unit filename="/home/zhangqian/peloton_m_v1/peloton/cmake/Modules/FindGFlags.cmake">
			<Option virtualFolder="CMake Files\cmake\Modules\"/>
		</Unit>
		<Unit filename="/home/zhangqian/peloton_m_v1/peloton/cmake/Modules/FindJeMalloc.cmake">
			<Option virtualFolder="CMake Files\cmake\Modules\"/>
		</Unit>
		<Unit filename="/home/zhangqian/peloton_m_v1/peloton/cmake/Modules/FindLibevent.cmake">
			<Option virtualFolder="CMake Files\cmake\Modules\"/>
		</Unit>
		<Unit filename="/home/zhangqian/peloton_m_v1/peloton/cmake/Modules/FindLibffi.cmake">
			<Option virtualFolder="CMake Files\cmake\Modules\"/>
		</Unit>
		<Unit filename="/home/zhangqian/peloton_m_v1/peloton/cmake/Modules/FindPQXX.cmake">
			<Option virtualFolder="CMake Files\cmake\Modules\"/>
		</Unit>
		<Unit filename="/home/zhangqian/peloton_m_v1/peloton/cmake/Modules/FindTBB.cmake">
			<Option virtualFolder="CMake Files\cmake\Modules\"/>
		</Unit>
		<Unit filename="/home/zhangqian/peloton_m_v1/peloton/cmake/Modules/Sanitizer.cmake">
			<Option virtualFolder="CMake Files\cmake\Modules\"/>
		</Unit>
		<Unit filename="/home/zhangqian/peloton_m_v1/peloton/cmake/Templates/PelotonConfig.cmake.in">
			<Option virtualFolder="CMake Files\cmake\Templates\"/>
		</Unit>
		<Unit filename="/home/zhangqian/peloton_m_v1/peloton/cmake/Templates/peloton_config.h.in">
			<Option virtualFolder="CMake Files\cmake\Templates\"/>
		</Unit>
		<Unit filename="/home/zhangqian/peloton_m_v1/peloton/external/capnp-prefix/tmp/capnp-cfgcmd.txt.in">
			<Option virtualFolder="CMake Files\external\capnp-prefix\tmp\"/>
		</Unit>
		<Unit filename="/home/zhangqian/peloton_m_v1/peloton/../../../../usr/lib/llvm-3.9/cmake/LLVMConfig.cmake">
			<Option virtualFolder="CMake Files\..\..\..\..\usr\lib\llvm-3.9\cmake\"/>
		</Unit>
		<Unit filename="/home/zhangqian/peloton_m_v1/peloton/../../../../usr/lib/llvm-3.9/cmake/LLVMConfigVersion.cmake">
			<Option virtualFolder="CMake Files\..\..\..\..\usr\lib\llvm-3.9\cmake\"/>
		</Unit>
		<Unit filename="/home/zhangqian/peloton_m_v1/peloton/../../../../usr/lib/llvm-3.9/lib/cmake/llvm/LLVM-Config.cmake">
			<Option virtualFolder="CMake Files\..\..\..\..\usr\lib\llvm-3.9\lib\cmake\llvm\"/>
		</Unit>
		<Unit filename="/home/zhangqian/peloton_m_v1/peloton/../../../../usr/lib/llvm-3.9/lib/cmake/llvm/LLVMExports-relwithdebinfo.cmake">
			<Option virtualFolder="CMake Files\..\..\..\..\usr\lib\llvm-3.9\lib\cmake\llvm\"/>
		</Unit>
		<Unit filename="/home/zhangqian/peloton_m_v1/peloton/../../../../usr/lib/llvm-3.9/lib/cmake/llvm/LLVMExports.cmake">
			<Option virtualFolder="CMake Files\..\..\..\..\usr\lib\llvm-3.9\lib\cmake\llvm\"/>
		</Unit>
		<Unit filename="/home/zhangqian/peloton_m_v1/peloton/src/CMakeLists.txt">
			<Option virtualFolder="CMake Files\src\"/>
		</Unit>
		<Unit filename="/home/zhangqian/peloton_m_v1/peloton/third_party/libpg_query/CMakeLists.txt">
			<Option virtualFolder="CMake Files\third_party\libpg_query\"/>
		</Unit>
		<Unit filename="/home/zhangqian/peloton_m_v1/peloton/test/CMakeLists.txt">
			<Option virtualFolder="CMake Files\test\"/>
		</Unit>
	</Project>
</CodeBlocks_project_file>
